
Microsoft Visual Studio Solution File, Format Version 12.00
# Visual Studio 2012
Project("{FAE04EC0-301F-11D3-BF4B-00C04F79EFBC}") = "AutoTest", "AutoTest\AutoTest.csproj", "{D8ED959F-4318-45D6-A244-4AD10582CFE1}"
EndProject
Global
	GlobalSection(SolutionConfigurationPlatforms) = preSolution
		Debug|Any CPU = Debug|Any CPU
		Release|Any CPU = Release|Any CPU
	EndGlobalSection
	GlobalSection(ProjectConfigurationPlatforms) = postSolution
		{D8ED959F-4318-45D6-A244-4AD10582CFE1}.Debug|Any CPU.ActiveCfg = Debug|Any CPU
		{D8ED959F-4318-45D6-A244-4AD10582CFE1}.Debug|Any CPU.Build.0 = Debug|Any CPU
		{D8ED959F-4318-45D6-A244-4AD10582CFE1}.Release|Any CPU.ActiveCfg = Release|Any CPU
		{D8ED959F-4318-45D6-A244-4AD10582CFE1}.Release|Any CPU.Build.0 = Release|Any CPU
	EndGlobalSection
	GlobalSection(SolutionProperties) = preSolution
		HideSolutionNode = FALSE
	EndGlobalSection
EndGlobal
